
Microsoft Visual Studio Solution File, Format Version 12.00
# Visual Studio Version 17
VisualStudioVersion = 17.12.35707.178
MinimumVisualStudioVersion = 10.0.40219.1
Project("{2150E333-8FDC-42A3-9474-1A3956D46DE8}") = "Lesson_02", "Lesson_02", "{84C039B6-28DD-4AC7-91E2-2713D53F0B06}"
EndProject
Project("{FAE04EC0-301F-11D3-BF4B-00C04F79EFBC}") = "Task_02_02", "Task_02_02\Task_02_02.csproj", "{7D7045D1-2B16-423A-BF7B-8F3765C776A0}"
EndProject
Project("{FAE04EC0-301F-11D3-BF4B-00C04F79EFBC}") = "Task_02_04", "Task_02_04\Task_02_04.csproj", "{8A96DE66-5157-46DE-8FA8-A3966BD1C62D}"
EndProject
Project("{2150E333-8FDC-42A3-9474-1A3956D46DE8}") = "Lesson_03", "Lesson_03", "{64A3BB99-E49F-4C62-B754-580A3A1C10EA}"
EndProject
Project("{FAE04EC0-301F-11D3-BF4B-00C04F79EFBC}") = "Task_03_04", "Task_03_04\Task_03_04.csproj", "{58E94AEB-D3B9-4F45-B3BF-0F455A9BA52C}"
EndProject
Project("{FAE04EC0-301F-11D3-BF4B-00C04F79EFBC}") = "Task_03_08", "Task_03_08\Task_03_08.csproj", "{43641504-6F7D-4981-9C1A-A5C1621A4C97}"
EndProject
Project("{FAE04EC0-301F-11D3-BF4B-00C04F79EFBC}") = "Task_03_07", "Task_03_07\Task_03_07.csproj", "{F2A0F368-93B1-4F85-BDF7-D1070BA313F0}"
EndProject
Global
	GlobalSection(SolutionConfigurationPlatforms) = preSolution
		Debug|Any CPU = Debug|Any CPU
		Release|Any CPU = Release|Any CPU
	EndGlobalSection
	GlobalSection(ProjectConfigurationPlatforms) = postSolution
		{7D7045D1-2B16-423A-BF7B-8F3765C776A0}.Debug|Any CPU.ActiveCfg = Debug|Any CPU
		{7D7045D1-2B16-423A-BF7B-8F3765C776A0}.Debug|Any CPU.Build.0 = Debug|Any CPU
		{7D7045D1-2B16-423A-BF7B-8F3765C776A0}.Release|Any CPU.ActiveCfg = Release|Any CPU
		{7D7045D1-2B16-423A-BF7B-8F3765C776A0}.Release|Any CPU.Build.0 = Release|Any CPU
		{8A96DE66-5157-46DE-8FA8-A3966BD1C62D}.Debug|Any CPU.ActiveCfg = Debug|Any CPU
		{8A96DE66-5157-46DE-8FA8-A3966BD1C62D}.Debug|Any CPU.Build.0 = Debug|Any CPU
		{8A96DE66-5157-46DE-8FA8-A3966BD1C62D}.Release|Any CPU.ActiveCfg = Release|Any CPU
		{8A96DE66-5157-46DE-8FA8-A3966BD1C62D}.Release|Any CPU.Build.0 = Release|Any CPU
		{58E94AEB-D3B9-4F45-B3BF-0F455A9BA52C}.Debug|Any CPU.ActiveCfg = Debug|Any CPU
		{58E94AEB-D3B9-4F45-B3BF-0F455A9BA52C}.Debug|Any CPU.Build.0 = Debug|Any CPU
		{58E94AEB-D3B9-4F45-B3BF-0F455A9BA52C}.Release|Any CPU.ActiveCfg = Release|Any CPU
		{58E94AEB-D3B9-4F45-B3BF-0F455A9BA52C}.Release|Any CPU.Build.0 = Release|Any CPU
		{43641504-6F7D-4981-9C1A-A5C1621A4C97}.Debug|Any CPU.ActiveCfg = Debug|Any CPU
		{43641504-6F7D-4981-9C1A-A5C1621A4C97}.Debug|Any CPU.Build.0 = Debug|Any CPU
		{43641504-6F7D-4981-9C1A-A5C1621A4C97}.Release|Any CPU.ActiveCfg = Release|Any CPU
		{43641504-6F7D-4981-9C1A-A5C1621A4C97}.Release|Any CPU.Build.0 = Release|Any CPU
		{F2A0F368-93B1-4F85-BDF7-D1070BA313F0}.Debug|Any CPU.ActiveCfg = Debug|Any CPU
		{F2A0F368-93B1-4F85-BDF7-D1070BA313F0}.Debug|Any CPU.Build.0 = Debug|Any CPU
		{F2A0F368-93B1-4F85-BDF7-D1070BA313F0}.Release|Any CPU.ActiveCfg = Release|Any CPU
		{F2A0F368-93B1-4F85-BDF7-D1070BA313F0}.Release|Any CPU.Build.0 = Release|Any CPU
	EndGlobalSection
	GlobalSection(SolutionProperties) = preSolution
		HideSolutionNode = FALSE
	EndGlobalSection
	GlobalSection(NestedProjects) = preSolution
		{7D7045D1-2B16-423A-BF7B-8F3765C776A0} = {84C039B6-28DD-4AC7-91E2-2713D53F0B06}
		{8A96DE66-5157-46DE-8FA8-A3966BD1C62D} = {84C039B6-28DD-4AC7-91E2-2713D53F0B06}
		{58E94AEB-D3B9-4F45-B3BF-0F455A9BA52C} = {64A3BB99-E49F-4C62-B754-580A3A1C10EA}
		{43641504-6F7D-4981-9C1A-A5C1621A4C97} = {64A3BB99-E49F-4C62-B754-580A3A1C10EA}
		{F2A0F368-93B1-4F85-BDF7-D1070BA313F0} = {64A3BB99-E49F-4C62-B754-580A3A1C10EA}
	EndGlobalSection
EndGlobal
