
Microsoft Visual Studio Solution File, Format Version 12.00
# Visual Studio Version 17
VisualStudioVersion = 17.12.35707.178
MinimumVisualStudioVersion = 10.0.40219.1
Project("{2150E333-8FDC-42A3-9474-1A3956D46DE8}") = "Lesson_02", "Lesson_02", "{84C039B6-28DD-4AC7-91E2-2713D53F0B06}"
EndProject
Project("{FAE04EC0-301F-11D3-BF4B-00C04F79EFBC}") = "Task_02_02", "Task_02_02\Task_02_02.csproj", "{7D7045D1-2B16-423A-BF7B-8F3765C776A0}"
EndProject
Project("{FAE04EC0-301F-11D3-BF4B-00C04F79EFBC}") = "Task_02_04", "Task_02_04\Task_02_04.csproj", "{8A96DE66-5157-46DE-8FA8-A3966BD1C62D}"
EndProject
Project("{2150E333-8FDC-42A3-9474-1A3956D46DE8}") = "Lesson_03", "Lesson_03", "{64A3BB99-E49F-4C62-B754-580A3A1C10EA}"
EndProject
Project("{FAE04EC0-301F-11D3-BF4B-00C04F79EFBC}") = "Task_03_04", "Task_03_04\Task_03_04.csproj", "{58E94AEB-D3B9-4F45-B3BF-0F455A9BA52C}"
EndProject
Project("{FAE04EC0-301F-11D3-BF4B-00C04F79EFBC}") = "Task_03_08", "Task_03_08\Task_03_08.csproj", "{43641504-6F7D-4981-9C1A-A5C1621A4C97}"
EndProject
Project("{FAE04EC0-301F-11D3-BF4B-00C04F79EFBC}") = "Task_03_07", "Task_03_07\Task_03_07.csproj", "{F2A0F368-93B1-4F85-BDF7-D1070BA313F0}"
EndProject
Project("{2150E333-8FDC-42A3-9474-1A3956D46DE8}") = "Lessons_04", "Lessons_04", "{27FA030D-0CD7-46E2-890D-2099F8589790}"
EndProject
Project("{FAE04EC0-301F-11D3-BF4B-00C04F79EFBC}") = "Task_04_08", "Task_04_08\Task_04_08.csproj", "{2BDAD091-074B-4C4C-A3A8-D7F8E8B39A72}"
EndProject
Project("{FAE04EC0-301F-11D3-BF4B-00C04F79EFBC}") = "Task_04_09", "Task_04_09\Task_04_09.csproj", "{D46EDE8E-2CEF-4EE6-9E35-EE9F5E3DD047}"
EndProject
Project("{2150E333-8FDC-42A3-9474-1A3956D46DE8}") = "Lessons_05", "Lessons_05", "{18C345D4-93C1-487C-9868-E12948FCC612}"
EndProject
Project("{FAE04EC0-301F-11D3-BF4B-00C04F79EFBC}") = "Task_04_06", "Task_04_06\Task_04_06.csproj", "{C15C1BEC-ED2E-40E5-8AF8-FB11D00CC989}"
EndProject
Project("{FAE04EC0-301F-11D3-BF4B-00C04F79EFBC}") = "Task_03_06", "Task_03_06\Task_03_06.csproj", "{7D90FB37-B6C6-4499-87F7-F78F569376BF}"
EndProject
Project("{FAE04EC0-301F-11D3-BF4B-00C04F79EFBC}") = "Task_03_09", "Task_03_09\Task_03_09.csproj", "{51EA8B1D-873F-4BB8-95BD-C31D5C83DCD8}"
EndProject
Project("{FAE04EC0-301F-11D3-BF4B-00C04F79EFBC}") = "Task_04_07", "Task_04_07\Task_04_07.csproj", "{96E37E0E-93F1-4257-AEF1-50D6DA81DA13}"
EndProject
Project("{2150E333-8FDC-42A3-9474-1A3956D46DE8}") = "Lesson_10", "Lesson_10", "{36D591C7-65C7-A0D1-1CBC-10CDE441BDC8}"
EndProject
Project("{FAE04EC0-301F-11D3-BF4B-00C04F79EFBC}") = "task_10_06", "task_10_06\task_10_06.csproj", "{0A1D6F72-F072-4D0D-9021-7880474BE825}"
EndProject
Project("{FAE04EC0-301F-11D3-BF4B-00C04F79EFBC}") = "task_10_07", "task_10_07\task_10_07.csproj", "{40315618-EC47-454B-AA6C-70EF9D7AB3A8}"
EndProject
Project("{FAE04EC0-301F-11D3-BF4B-00C04F79EFBC}") = "task_10_08", "task_10_08\task_10_08.csproj", "{E2738EA9-5455-4FA4-81DA-5DA315432F01}"
EndProject
Project("{2150E333-8FDC-42A3-9474-1A3956D46DE8}") = "Lessons_11", "Lessons_11", "{02FDF5D3-16BA-4708-BF06-FA5D9C28051B}"
EndProject
Project("{FAE04EC0-301F-11D3-BF4B-00C04F79EFBC}") = "task_11_04", "task_11_04\task_11_04.csproj", "{DDAD7A63-4DD8-4291-B5A4-146F94182063}"
EndProject
Project("{FAE04EC0-301F-11D3-BF4B-00C04F79EFBC}") = "task_11_01", "task_11_01\task_11_01.csproj", "{4277C0C9-612E-4139-8BB4-C7B966DFDB97}"
EndProject
Project("{FAE04EC0-301F-11D3-BF4B-00C04F79EFBC}") = "task_11_02", "task_11_02\task_11_02.csproj", "{7AF003DF-4C0B-40B3-8B89-670F1B8D2952}"
EndProject
Project("{FAE04EC0-301F-11D3-BF4B-00C04F79EFBC}") = "task_11_03", "task_11_03\task_11_03.csproj", "{2E434612-F709-4533-977D-E4C9AB6EBC5A}"
EndProject
Project("{FAE04EC0-301F-11D3-BF4B-00C04F79EFBC}") = "task_11_05", "task_11_05\task_11_05.csproj", "{4333FF30-ED6E-4926-B3B8-14821A60F362}"
EndProject
Project("{FAE04EC0-301F-11D3-BF4B-00C04F79EFBC}") = "task_11_06", "task_11_06\task_11_06.csproj", "{7D6A1BE5-73B3-4E16-A850-C6D7BE6CE030}"
EndProject
Project("{FAE04EC0-301F-11D3-BF4B-00C04F79EFBC}") = "task_11_07", "task_11_07\task_11_07.csproj", "{22B6A743-6AE0-4CF4-A6C3-1D2EBC24566B}"
EndProject
Project("{FAE04EC0-301F-11D3-BF4B-00C04F79EFBC}") = "task_11_08", "task_11_08\task_11_08.csproj", "{D6CC4306-DA60-4913-9CFC-3AF2EBC730AF}"
EndProject
Project("{2150E333-8FDC-42A3-9474-1A3956D46DE8}") = "Lessons_13", "Lessons_13", "{463B8EFC-74BF-4D3F-9CC3-F5A4EC77D7EA}"
EndProject
Project("{FAE04EC0-301F-11D3-BF4B-00C04F79EFBC}") = "task_13_02", "task_13_02\task_13_02.csproj", "{C0F2E042-20C4-431B-8755-BF7294238C79}"
EndProject
Project("{2150E333-8FDC-42A3-9474-1A3956D46DE8}") = "Lessons_14", "Lessons_14", "{AF62575E-9CD5-43E4-8F1B-02FEAAAAC333}"
EndProject
Project("{FAE04EC0-301F-11D3-BF4B-00C04F79EFBC}") = "task_14_03", "task_14_03\task_14_03.csproj", "{D7DF0066-9601-4FF8-B3AB-A63C75E94FB5}"
EndProject
Global
	GlobalSection(SolutionConfigurationPlatforms) = preSolution
		Debug|Any CPU = Debug|Any CPU
		Release|Any CPU = Release|Any CPU
	EndGlobalSection
	GlobalSection(ProjectConfigurationPlatforms) = postSolution
		{7D7045D1-2B16-423A-BF7B-8F3765C776A0}.Debug|Any CPU.ActiveCfg = Debug|Any CPU
		{7D7045D1-2B16-423A-BF7B-8F3765C776A0}.Debug|Any CPU.Build.0 = Debug|Any CPU
		{7D7045D1-2B16-423A-BF7B-8F3765C776A0}.Release|Any CPU.ActiveCfg = Release|Any CPU
		{7D7045D1-2B16-423A-BF7B-8F3765C776A0}.Release|Any CPU.Build.0 = Release|Any CPU
		{8A96DE66-5157-46DE-8FA8-A3966BD1C62D}.Debug|Any CPU.ActiveCfg = Debug|Any CPU
		{8A96DE66-5157-46DE-8FA8-A3966BD1C62D}.Debug|Any CPU.Build.0 = Debug|Any CPU
		{8A96DE66-5157-46DE-8FA8-A3966BD1C62D}.Release|Any CPU.ActiveCfg = Release|Any CPU
		{8A96DE66-5157-46DE-8FA8-A3966BD1C62D}.Release|Any CPU.Build.0 = Release|Any CPU
		{58E94AEB-D3B9-4F45-B3BF-0F455A9BA52C}.Debug|Any CPU.ActiveCfg = Debug|Any CPU
		{58E94AEB-D3B9-4F45-B3BF-0F455A9BA52C}.Debug|Any CPU.Build.0 = Debug|Any CPU
		{58E94AEB-D3B9-4F45-B3BF-0F455A9BA52C}.Release|Any CPU.ActiveCfg = Release|Any CPU
		{58E94AEB-D3B9-4F45-B3BF-0F455A9BA52C}.Release|Any CPU.Build.0 = Release|Any CPU
		{43641504-6F7D-4981-9C1A-A5C1621A4C97}.Debug|Any CPU.ActiveCfg = Debug|Any CPU
		{43641504-6F7D-4981-9C1A-A5C1621A4C97}.Debug|Any CPU.Build.0 = Debug|Any CPU
		{43641504-6F7D-4981-9C1A-A5C1621A4C97}.Release|Any CPU.ActiveCfg = Release|Any CPU
		{43641504-6F7D-4981-9C1A-A5C1621A4C97}.Release|Any CPU.Build.0 = Release|Any CPU
		{F2A0F368-93B1-4F85-BDF7-D1070BA313F0}.Debug|Any CPU.ActiveCfg = Debug|Any CPU
		{F2A0F368-93B1-4F85-BDF7-D1070BA313F0}.Debug|Any CPU.Build.0 = Debug|Any CPU
		{F2A0F368-93B1-4F85-BDF7-D1070BA313F0}.Release|Any CPU.ActiveCfg = Release|Any CPU
		{F2A0F368-93B1-4F85-BDF7-D1070BA313F0}.Release|Any CPU.Build.0 = Release|Any CPU
		{2BDAD091-074B-4C4C-A3A8-D7F8E8B39A72}.Debug|Any CPU.ActiveCfg = Debug|Any CPU
		{2BDAD091-074B-4C4C-A3A8-D7F8E8B39A72}.Debug|Any CPU.Build.0 = Debug|Any CPU
		{2BDAD091-074B-4C4C-A3A8-D7F8E8B39A72}.Release|Any CPU.ActiveCfg = Release|Any CPU
		{2BDAD091-074B-4C4C-A3A8-D7F8E8B39A72}.Release|Any CPU.Build.0 = Release|Any CPU
		{D46EDE8E-2CEF-4EE6-9E35-EE9F5E3DD047}.Debug|Any CPU.ActiveCfg = Debug|Any CPU
		{D46EDE8E-2CEF-4EE6-9E35-EE9F5E3DD047}.Debug|Any CPU.Build.0 = Debug|Any CPU
		{D46EDE8E-2CEF-4EE6-9E35-EE9F5E3DD047}.Release|Any CPU.ActiveCfg = Release|Any CPU
		{D46EDE8E-2CEF-4EE6-9E35-EE9F5E3DD047}.Release|Any CPU.Build.0 = Release|Any CPU
		{C15C1BEC-ED2E-40E5-8AF8-FB11D00CC989}.Debug|Any CPU.ActiveCfg = Debug|Any CPU
		{C15C1BEC-ED2E-40E5-8AF8-FB11D00CC989}.Debug|Any CPU.Build.0 = Debug|Any CPU
		{C15C1BEC-ED2E-40E5-8AF8-FB11D00CC989}.Release|Any CPU.ActiveCfg = Release|Any CPU
		{C15C1BEC-ED2E-40E5-8AF8-FB11D00CC989}.Release|Any CPU.Build.0 = Release|Any CPU
		{7D90FB37-B6C6-4499-87F7-F78F569376BF}.Debug|Any CPU.ActiveCfg = Debug|Any CPU
		{7D90FB37-B6C6-4499-87F7-F78F569376BF}.Debug|Any CPU.Build.0 = Debug|Any CPU
		{7D90FB37-B6C6-4499-87F7-F78F569376BF}.Release|Any CPU.ActiveCfg = Release|Any CPU
		{7D90FB37-B6C6-4499-87F7-F78F569376BF}.Release|Any CPU.Build.0 = Release|Any CPU
		{51EA8B1D-873F-4BB8-95BD-C31D5C83DCD8}.Debug|Any CPU.ActiveCfg = Debug|Any CPU
		{51EA8B1D-873F-4BB8-95BD-C31D5C83DCD8}.Debug|Any CPU.Build.0 = Debug|Any CPU
		{51EA8B1D-873F-4BB8-95BD-C31D5C83DCD8}.Release|Any CPU.ActiveCfg = Release|Any CPU
		{51EA8B1D-873F-4BB8-95BD-C31D5C83DCD8}.Release|Any CPU.Build.0 = Release|Any CPU
		{96E37E0E-93F1-4257-AEF1-50D6DA81DA13}.Debug|Any CPU.ActiveCfg = Debug|Any CPU
		{96E37E0E-93F1-4257-AEF1-50D6DA81DA13}.Debug|Any CPU.Build.0 = Debug|Any CPU
		{96E37E0E-93F1-4257-AEF1-50D6DA81DA13}.Release|Any CPU.ActiveCfg = Release|Any CPU
		{96E37E0E-93F1-4257-AEF1-50D6DA81DA13}.Release|Any CPU.Build.0 = Release|Any CPU
		{0A1D6F72-F072-4D0D-9021-7880474BE825}.Debug|Any CPU.ActiveCfg = Debug|Any CPU
		{0A1D6F72-F072-4D0D-9021-7880474BE825}.Debug|Any CPU.Build.0 = Debug|Any CPU
		{0A1D6F72-F072-4D0D-9021-7880474BE825}.Release|Any CPU.ActiveCfg = Release|Any CPU
		{0A1D6F72-F072-4D0D-9021-7880474BE825}.Release|Any CPU.Build.0 = Release|Any CPU
		{40315618-EC47-454B-AA6C-70EF9D7AB3A8}.Debug|Any CPU.ActiveCfg = Debug|Any CPU
		{40315618-EC47-454B-AA6C-70EF9D7AB3A8}.Debug|Any CPU.Build.0 = Debug|Any CPU
		{40315618-EC47-454B-AA6C-70EF9D7AB3A8}.Release|Any CPU.ActiveCfg = Release|Any CPU
		{40315618-EC47-454B-AA6C-70EF9D7AB3A8}.Release|Any CPU.Build.0 = Release|Any CPU
		{E2738EA9-5455-4FA4-81DA-5DA315432F01}.Debug|Any CPU.ActiveCfg = Debug|Any CPU
		{E2738EA9-5455-4FA4-81DA-5DA315432F01}.Debug|Any CPU.Build.0 = Debug|Any CPU
		{E2738EA9-5455-4FA4-81DA-5DA315432F01}.Release|Any CPU.ActiveCfg = Release|Any CPU
		{E2738EA9-5455-4FA4-81DA-5DA315432F01}.Release|Any CPU.Build.0 = Release|Any CPU
		{DDAD7A63-4DD8-4291-B5A4-146F94182063}.Debug|Any CPU.ActiveCfg = Debug|Any CPU
		{DDAD7A63-4DD8-4291-B5A4-146F94182063}.Debug|Any CPU.Build.0 = Debug|Any CPU
		{DDAD7A63-4DD8-4291-B5A4-146F94182063}.Release|Any CPU.ActiveCfg = Release|Any CPU
		{DDAD7A63-4DD8-4291-B5A4-146F94182063}.Release|Any CPU.Build.0 = Release|Any CPU
		{4277C0C9-612E-4139-8BB4-C7B966DFDB97}.Debug|Any CPU.ActiveCfg = Debug|Any CPU
		{4277C0C9-612E-4139-8BB4-C7B966DFDB97}.Debug|Any CPU.Build.0 = Debug|Any CPU
		{4277C0C9-612E-4139-8BB4-C7B966DFDB97}.Release|Any CPU.ActiveCfg = Release|Any CPU
		{4277C0C9-612E-4139-8BB4-C7B966DFDB97}.Release|Any CPU.Build.0 = Release|Any CPU
		{7AF003DF-4C0B-40B3-8B89-670F1B8D2952}.Debug|Any CPU.ActiveCfg = Debug|Any CPU
		{7AF003DF-4C0B-40B3-8B89-670F1B8D2952}.Debug|Any CPU.Build.0 = Debug|Any CPU
		{7AF003DF-4C0B-40B3-8B89-670F1B8D2952}.Release|Any CPU.ActiveCfg = Release|Any CPU
		{7AF003DF-4C0B-40B3-8B89-670F1B8D2952}.Release|Any CPU.Build.0 = Release|Any CPU
		{2E434612-F709-4533-977D-E4C9AB6EBC5A}.Debug|Any CPU.ActiveCfg = Debug|Any CPU
		{2E434612-F709-4533-977D-E4C9AB6EBC5A}.Debug|Any CPU.Build.0 = Debug|Any CPU
		{2E434612-F709-4533-977D-E4C9AB6EBC5A}.Release|Any CPU.ActiveCfg = Release|Any CPU
		{2E434612-F709-4533-977D-E4C9AB6EBC5A}.Release|Any CPU.Build.0 = Release|Any CPU
		{4333FF30-ED6E-4926-B3B8-14821A60F362}.Debug|Any CPU.ActiveCfg = Debug|Any CPU
		{4333FF30-ED6E-4926-B3B8-14821A60F362}.Debug|Any CPU.Build.0 = Debug|Any CPU
		{4333FF30-ED6E-4926-B3B8-14821A60F362}.Release|Any CPU.ActiveCfg = Release|Any CPU
		{4333FF30-ED6E-4926-B3B8-14821A60F362}.Release|Any CPU.Build.0 = Release|Any CPU
		{7D6A1BE5-73B3-4E16-A850-C6D7BE6CE030}.Debug|Any CPU.ActiveCfg = Debug|Any CPU
		{7D6A1BE5-73B3-4E16-A850-C6D7BE6CE030}.Debug|Any CPU.Build.0 = Debug|Any CPU
		{7D6A1BE5-73B3-4E16-A850-C6D7BE6CE030}.Release|Any CPU.ActiveCfg = Release|Any CPU
		{7D6A1BE5-73B3-4E16-A850-C6D7BE6CE030}.Release|Any CPU.Build.0 = Release|Any CPU
		{22B6A743-6AE0-4CF4-A6C3-1D2EBC24566B}.Debug|Any CPU.ActiveCfg = Debug|Any CPU
		{22B6A743-6AE0-4CF4-A6C3-1D2EBC24566B}.Debug|Any CPU.Build.0 = Debug|Any CPU
		{22B6A743-6AE0-4CF4-A6C3-1D2EBC24566B}.Release|Any CPU.ActiveCfg = Release|Any CPU
		{22B6A743-6AE0-4CF4-A6C3-1D2EBC24566B}.Release|Any CPU.Build.0 = Release|Any CPU
		{D6CC4306-DA60-4913-9CFC-3AF2EBC730AF}.Debug|Any CPU.ActiveCfg = Debug|Any CPU
		{D6CC4306-DA60-4913-9CFC-3AF2EBC730AF}.Debug|Any CPU.Build.0 = Debug|Any CPU
		{D6CC4306-DA60-4913-9CFC-3AF2EBC730AF}.Release|Any CPU.ActiveCfg = Release|Any CPU
		{D6CC4306-DA60-4913-9CFC-3AF2EBC730AF}.Release|Any CPU.Build.0 = Release|Any CPU
		{C0F2E042-20C4-431B-8755-BF7294238C79}.Debug|Any CPU.ActiveCfg = Debug|Any CPU
		{C0F2E042-20C4-431B-8755-BF7294238C79}.Debug|Any CPU.Build.0 = Debug|Any CPU
		{C0F2E042-20C4-431B-8755-BF7294238C79}.Release|Any CPU.ActiveCfg = Release|Any CPU
		{C0F2E042-20C4-431B-8755-BF7294238C79}.Release|Any CPU.Build.0 = Release|Any CPU
		{D7DF0066-9601-4FF8-B3AB-A63C75E94FB5}.Debug|Any CPU.ActiveCfg = Debug|Any CPU
		{D7DF0066-9601-4FF8-B3AB-A63C75E94FB5}.Debug|Any CPU.Build.0 = Debug|Any CPU
		{D7DF0066-9601-4FF8-B3AB-A63C75E94FB5}.Release|Any CPU.ActiveCfg = Release|Any CPU
		{D7DF0066-9601-4FF8-B3AB-A63C75E94FB5}.Release|Any CPU.Build.0 = Release|Any CPU
	EndGlobalSection
	GlobalSection(SolutionProperties) = preSolution
		HideSolutionNode = FALSE
	EndGlobalSection
	GlobalSection(NestedProjects) = preSolution
		{7D7045D1-2B16-423A-BF7B-8F3765C776A0} = {84C039B6-28DD-4AC7-91E2-2713D53F0B06}
		{8A96DE66-5157-46DE-8FA8-A3966BD1C62D} = {84C039B6-28DD-4AC7-91E2-2713D53F0B06}
		{58E94AEB-D3B9-4F45-B3BF-0F455A9BA52C} = {64A3BB99-E49F-4C62-B754-580A3A1C10EA}
		{43641504-6F7D-4981-9C1A-A5C1621A4C97} = {64A3BB99-E49F-4C62-B754-580A3A1C10EA}
		{F2A0F368-93B1-4F85-BDF7-D1070BA313F0} = {64A3BB99-E49F-4C62-B754-580A3A1C10EA}
		{2BDAD091-074B-4C4C-A3A8-D7F8E8B39A72} = {27FA030D-0CD7-46E2-890D-2099F8589790}
		{D46EDE8E-2CEF-4EE6-9E35-EE9F5E3DD047} = {27FA030D-0CD7-46E2-890D-2099F8589790}
		{C15C1BEC-ED2E-40E5-8AF8-FB11D00CC989} = {27FA030D-0CD7-46E2-890D-2099F8589790}
		{7D90FB37-B6C6-4499-87F7-F78F569376BF} = {64A3BB99-E49F-4C62-B754-580A3A1C10EA}
		{51EA8B1D-873F-4BB8-95BD-C31D5C83DCD8} = {64A3BB99-E49F-4C62-B754-580A3A1C10EA}
		{96E37E0E-93F1-4257-AEF1-50D6DA81DA13} = {27FA030D-0CD7-46E2-890D-2099F8589790}
		{0A1D6F72-F072-4D0D-9021-7880474BE825} = {36D591C7-65C7-A0D1-1CBC-10CDE441BDC8}
		{40315618-EC47-454B-AA6C-70EF9D7AB3A8} = {36D591C7-65C7-A0D1-1CBC-10CDE441BDC8}
		{E2738EA9-5455-4FA4-81DA-5DA315432F01} = {36D591C7-65C7-A0D1-1CBC-10CDE441BDC8}
		{DDAD7A63-4DD8-4291-B5A4-146F94182063} = {02FDF5D3-16BA-4708-BF06-FA5D9C28051B}
		{4277C0C9-612E-4139-8BB4-C7B966DFDB97} = {02FDF5D3-16BA-4708-BF06-FA5D9C28051B}
		{7AF003DF-4C0B-40B3-8B89-670F1B8D2952} = {02FDF5D3-16BA-4708-BF06-FA5D9C28051B}
		{2E434612-F709-4533-977D-E4C9AB6EBC5A} = {02FDF5D3-16BA-4708-BF06-FA5D9C28051B}
		{4333FF30-ED6E-4926-B3B8-14821A60F362} = {02FDF5D3-16BA-4708-BF06-FA5D9C28051B}
		{7D6A1BE5-73B3-4E16-A850-C6D7BE6CE030} = {02FDF5D3-16BA-4708-BF06-FA5D9C28051B}
		{22B6A743-6AE0-4CF4-A6C3-1D2EBC24566B} = {02FDF5D3-16BA-4708-BF06-FA5D9C28051B}
		{D6CC4306-DA60-4913-9CFC-3AF2EBC730AF} = {02FDF5D3-16BA-4708-BF06-FA5D9C28051B}
		{C0F2E042-20C4-431B-8755-BF7294238C79} = {463B8EFC-74BF-4D3F-9CC3-F5A4EC77D7EA}
		{D7DF0066-9601-4FF8-B3AB-A63C75E94FB5} = {AF62575E-9CD5-43E4-8F1B-02FEAAAAC333}
	EndGlobalSection
	GlobalSection(ExtensibilityGlobals) = postSolution
		SolutionGuid = {176C7AFA-3A25-4977-80BB-E8EDB6521DAA}
	EndGlobalSection
EndGlobal
